// !$*UTF8*$!
{
	archiveVersion = 1;
	classes = {
	};
	objectVersion = 50;
	objects = {

/* Begin PBXBuildFile section */
		9911912122C55ECF0061230A /* Item.swift in Sources */ = {isa = PBXBuildFile; fileRef = 9911912022C55ECF0061230A /* Item.swift */; };
		9911912322C561FE0061230A /* ItemsCollection.swift in Sources */ = {isa = PBXBuildFile; fileRef = 9911912222C561FE0061230A /* ItemsCollection.swift */; };
		9911912922C5696C0061230A /* MoneyHistoryTableViewCell.swift in Sources */ = {isa = PBXBuildFile; fileRef = 9911912822C5696C0061230A /* MoneyHistoryTableViewCell.swift */; };
		9911912B22C582E30061230A /* SecondViewController.swift in Sources */ = {isa = PBXBuildFile; fileRef = 9911912A22C582E30061230A /* SecondViewController.swift */; };
		9920727222C426540002AA2E /* AppDelegate.swift in Sources */ = {isa = PBXBuildFile; fileRef = 9920727122C426540002AA2E /* AppDelegate.swift */; };
		9920727422C426540002AA2E /* ViewController.swift in Sources */ = {isa = PBXBuildFile; fileRef = 9920727322C426540002AA2E /* ViewController.swift */; };
		9920727722C426540002AA2E /* Main.storyboard in Resources */ = {isa = PBXBuildFile; fileRef = 9920727522C426540002AA2E /* Main.storyboard */; };
		9920727922C4265A0002AA2E /* Assets.xcassets in Resources */ = {isa = PBXBuildFile; fileRef = 9920727822C4265A0002AA2E /* Assets.xcassets */; };
		9920727C22C4265A0002AA2E /* LaunchScreen.storyboard in Resources */ = {isa = PBXBuildFile; fileRef = 9920727A22C4265A0002AA2E /* LaunchScreen.storyboard */; };
		9920728722C4265A0002AA2E /* Money_AppTests.swift in Sources */ = {isa = PBXBuildFile; fileRef = 9920728622C4265A0002AA2E /* Money_AppTests.swift */; };
		9920729222C4265A0002AA2E /* Money_AppUITests.swift in Sources */ = {isa = PBXBuildFile; fileRef = 9920729122C4265A0002AA2E /* Money_AppUITests.swift */; };
		99EC18F722C6BE28003E31B5 /* LogoViewController.swift in Sources */ = {isa = PBXBuildFile; fileRef = 99EC18F622C6BE27003E31B5 /* LogoViewController.swift */; };
		99EC18F922C6BE34003E31B5 /* FirstAccessViewController.swift in Sources */ = {isa = PBXBuildFile; fileRef = 99EC18F822C6BE34003E31B5 /* FirstAccessViewController.swift */; };
		99EC18FB22C6BE49003E31B5 /* AddItemViewController.swift in Sources */ = {isa = PBXBuildFile; fileRef = 99EC18FA22C6BE49003E31B5 /* AddItemViewController.swift */; };
		99EC18FD22C6BEED003E31B5 /* Username.swift in Sources */ = {isa = PBXBuildFile; fileRef = 99EC18FC22C6BEED003E31B5 /* Username.swift */; };
/* End PBXBuildFile section */

/* Begin PBXContainerItemProxy section */
		9920728322C4265A0002AA2E /* PBXContainerItemProxy */ = {
			isa = PBXContainerItemProxy;
			containerPortal = 9920726622C426530002AA2E /* Project object */;
			proxyType = 1;
			remoteGlobalIDString = 9920726D22C426540002AA2E;
			remoteInfo = "Money App";
		};
		9920728E22C4265A0002AA2E /* PBXContainerItemProxy */ = {
			isa = PBXContainerItemProxy;
			containerPortal = 9920726622C426530002AA2E /* Project object */;
			proxyType = 1;
			remoteGlobalIDString = 9920726D22C426540002AA2E;
			remoteInfo = "Money App";
		};
/* End PBXContainerItemProxy section */

/* Begin PBXFileReference section */
		9911912022C55ECF0061230A /* Item.swift */ = {isa = PBXFileReference; lastKnownFileType = sourcecode.swift; path = Item.swift; sourceTree = "<group>"; };
		9911912222C561FE0061230A /* ItemsCollection.swift */ = {isa = PBXFileReference; lastKnownFileType = sourcecode.swift; path = ItemsCollection.swift; sourceTree = "<group>"; };
		9911912822C5696C0061230A /* MoneyHistoryTableViewCell.swift */ = {isa = PBXFileReference; lastKnownFileType = sourcecode.swift; path = MoneyHistoryTableViewCell.swift; sourceTree = "<group>"; };
		9911912A22C582E30061230A /* SecondViewController.swift */ = {isa = PBXFileReference; lastKnownFileType = sourcecode.swift; path = SecondViewController.swift; sourceTree = "<group>"; };
		9920726E22C426540002AA2E /* Money App.app */ = {isa = PBXFileReference; explicitFileType = wrapper.application; includeInIndex = 0; path = "Money App.app"; sourceTree = BUILT_PRODUCTS_DIR; };
		9920727122C426540002AA2E /* AppDelegate.swift */ = {isa = PBXFileReference; lastKnownFileType = sourcecode.swift; path = AppDelegate.swift; sourceTree = "<group>"; };
		9920727322C426540002AA2E /* ViewController.swift */ = {isa = PBXFileReference; lastKnownFileType = sourcecode.swift; path = ViewController.swift; sourceTree = "<group>"; };
		9920727622C426540002AA2E /* Base */ = {isa = PBXFileReference; lastKnownFileType = file.storyboard; name = Base; path = Base.lproj/Main.storyboard; sourceTree = "<group>"; };
		9920727822C4265A0002AA2E /* Assets.xcassets */ = {isa = PBXFileReference; lastKnownFileType = folder.assetcatalog; path = Assets.xcassets; sourceTree = "<group>"; };
		9920727B22C4265A0002AA2E /* Base */ = {isa = PBXFileReference; lastKnownFileType = file.storyboard; name = Base; path = Base.lproj/LaunchScreen.storyboard; sourceTree = "<group>"; };
		9920727D22C4265A0002AA2E /* Info.plist */ = {isa = PBXFileReference; lastKnownFileType = text.plist.xml; path = Info.plist; sourceTree = "<group>"; };
		9920728222C4265A0002AA2E /* Money AppTests.xctest */ = {isa = PBXFileReference; explicitFileType = wrapper.cfbundle; includeInIndex = 0; path = "Money AppTests.xctest"; sourceTree = BUILT_PRODUCTS_DIR; };
		9920728622C4265A0002AA2E /* Money_AppTests.swift */ = {isa = PBXFileReference; lastKnownFileType = sourcecode.swift; path = Money_AppTests.swift; sourceTree = "<group>"; };
		9920728822C4265A0002AA2E /* Info.plist */ = {isa = PBXFileReference; lastKnownFileType = text.plist.xml; path = Info.plist; sourceTree = "<group>"; };
		9920728D22C4265A0002AA2E /* Money AppUITests.xctest */ = {isa = PBXFileReference; explicitFileType = wrapper.cfbundle; includeInIndex = 0; path = "Money AppUITests.xctest"; sourceTree = BUILT_PRODUCTS_DIR; };
		9920729122C4265A0002AA2E /* Money_AppUITests.swift */ = {isa = PBXFileReference; lastKnownFileType = sourcecode.swift; path = Money_AppUITests.swift; sourceTree = "<group>"; };
		9920729322C4265A0002AA2E /* Info.plist */ = {isa = PBXFileReference; lastKnownFileType = text.plist.xml; path = Info.plist; sourceTree = "<group>"; };
		99EC18F622C6BE27003E31B5 /* LogoViewController.swift */ = {isa = PBXFileReference; lastKnownFileType = sourcecode.swift; path = LogoViewController.swift; sourceTree = "<group>"; };
		99EC18F822C6BE34003E31B5 /* FirstAccessViewController.swift */ = {isa = PBXFileReference; lastKnownFileType = sourcecode.swift; path = FirstAccessViewController.swift; sourceTree = "<group>"; };
		99EC18FA22C6BE49003E31B5 /* AddItemViewController.swift */ = {isa = PBXFileReference; lastKnownFileType = sourcecode.swift; path = AddItemViewController.swift; sourceTree = "<group>"; };
		99EC18FC22C6BEED003E31B5 /* Username.swift */ = {isa = PBXFileReference; lastKnownFileType = sourcecode.swift; path = Username.swift; sourceTree = "<group>"; };
/* End PBXFileReference section */

/* Begin PBXFrameworksBuildPhase section */
		9920726B22C426540002AA2E /* Frameworks */ = {
			isa = PBXFrameworksBuildPhase;
			buildActionMask = 2147483647;
			files = (
			);
			runOnlyForDeploymentPostprocessing = 0;
		};
		9920727F22C4265A0002AA2E /* Frameworks */ = {
			isa = PBXFrameworksBuildPhase;
			buildActionMask = 2147483647;
			files = (
			);
			runOnlyForDeploymentPostprocessing = 0;
		};
		9920728A22C4265A0002AA2E /* Frameworks */ = {
			isa = PBXFrameworksBuildPhase;
			buildActionMask = 2147483647;
			files = (
			);
			runOnlyForDeploymentPostprocessing = 0;
		};
/* End PBXFrameworksBuildPhase section */

/* Begin PBXGroup section */
		9911911D22C55E480061230A /* Model */ = {
			isa = PBXGroup;
			children = (
				9911912022C55ECF0061230A /* Item.swift */,
				9911912222C561FE0061230A /* ItemsCollection.swift */,
				99EC18FC22C6BEED003E31B5 /* Username.swift */,
			);
			path = Model;
			sourceTree = "<group>";
		};
		9911911E22C55E510061230A /* View */ = {
			isa = PBXGroup;
			children = (
				9920727A22C4265A0002AA2E /* LaunchScreen.storyboard */,
				9920727522C426540002AA2E /* Main.storyboard */,
			);
			path = View;
			sourceTree = "<group>";
		};
		9911911F22C55E580061230A /* Controller */ = {
			isa = PBXGroup;
			children = (
				9920727322C426540002AA2E /* ViewController.swift */,
				9911912822C5696C0061230A /* MoneyHistoryTableViewCell.swift */,
				9911912A22C582E30061230A /* SecondViewController.swift */,
				99EC18F622C6BE27003E31B5 /* LogoViewController.swift */,
				99EC18F822C6BE34003E31B5 /* FirstAccessViewController.swift */,
				99EC18FA22C6BE49003E31B5 /* AddItemViewController.swift */,
			);
			path = Controller;
			sourceTree = "<group>";
		};
		9920726522C426530002AA2E = {
			isa = PBXGroup;
			children = (
				9920727022C426540002AA2E /* Money App */,
				9920728522C4265A0002AA2E /* Money AppTests */,
				9920729022C4265A0002AA2E /* Money AppUITests */,
				9920726F22C426540002AA2E /* Products */,
			);
			sourceTree = "<group>";
		};
		9920726F22C426540002AA2E /* Products */ = {
			isa = PBXGroup;
			children = (
				9920726E22C426540002AA2E /* Money App.app */,
				9920728222C4265A0002AA2E /* Money AppTests.xctest */,
				9920728D22C4265A0002AA2E /* Money AppUITests.xctest */,
			);
			name = Products;
			sourceTree = "<group>";
		};
		9920727022C426540002AA2E /* Money App */ = {
			isa = PBXGroup;
			children = (
				9911911F22C55E580061230A /* Controller */,
				9911911E22C55E510061230A /* View */,
				9911911D22C55E480061230A /* Model */,
				9920727122C426540002AA2E /* AppDelegate.swift */,
				9920727822C4265A0002AA2E /* Assets.xcassets */,
				9920727D22C4265A0002AA2E /* Info.plist */,
			);
			path = "Money App";
			sourceTree = "<group>";
		};
		9920728522C4265A0002AA2E /* Money AppTests */ = {
			isa = PBXGroup;
			children = (
				9920728622C4265A0002AA2E /* Money_AppTests.swift */,
				9920728822C4265A0002AA2E /* Info.plist */,
			);
			path = "Money AppTests";
			sourceTree = "<group>";
		};
		9920729022C4265A0002AA2E /* Money AppUITests */ = {
			isa = PBXGroup;
			children = (
				9920729122C4265A0002AA2E /* Money_AppUITests.swift */,
				9920729322C4265A0002AA2E /* Info.plist */,
			);
			path = "Money AppUITests";
			sourceTree = "<group>";
		};
/* End PBXGroup section */

/* Begin PBXNativeTarget section */
		9920726D22C426540002AA2E /* Money App */ = {
			isa = PBXNativeTarget;
			buildConfigurationList = 9920729622C4265A0002AA2E /* Build configuration list for PBXNativeTarget "Money App" */;
			buildPhases = (
				9920726A22C426540002AA2E /* Sources */,
				9920726B22C426540002AA2E /* Frameworks */,
				9920726C22C426540002AA2E /* Resources */,
			);
			buildRules = (
			);
			dependencies = (
			);
			name = "Money App";
			productName = "Money App";
			productReference = 9920726E22C426540002AA2E /* Money App.app */;
			productType = "com.apple.product-type.application";
		};
		9920728122C4265A0002AA2E /* Money AppTests */ = {
			isa = PBXNativeTarget;
			buildConfigurationList = 9920729922C4265A0002AA2E /* Build configuration list for PBXNativeTarget "Money AppTests" */;
			buildPhases = (
				9920727E22C4265A0002AA2E /* Sources */,
				9920727F22C4265A0002AA2E /* Frameworks */,
				9920728022C4265A0002AA2E /* Resources */,
			);
			buildRules = (
			);
			dependencies = (
				9920728422C4265A0002AA2E /* PBXTargetDependency */,
			);
			name = "Money AppTests";
			productName = "Money AppTests";
			productReference = 9920728222C4265A0002AA2E /* Money AppTests.xctest */;
			productType = "com.apple.product-type.bundle.unit-test";
		};
		9920728C22C4265A0002AA2E /* Money AppUITests */ = {
			isa = PBXNativeTarget;
			buildConfigurationList = 9920729C22C4265A0002AA2E /* Build configuration list for PBXNativeTarget "Money AppUITests" */;
			buildPhases = (
				9920728922C4265A0002AA2E /* Sources */,
				9920728A22C4265A0002AA2E /* Frameworks */,
				9920728B22C4265A0002AA2E /* Resources */,
			);
			buildRules = (
			);
			dependencies = (
				9920728F22C4265A0002AA2E /* PBXTargetDependency */,
			);
			name = "Money AppUITests";
			productName = "Money AppUITests";
			productReference = 9920728D22C4265A0002AA2E /* Money AppUITests.xctest */;
			productType = "com.apple.product-type.bundle.ui-testing";
		};
/* End PBXNativeTarget section */

/* Begin PBXProject section */
		9920726622C426530002AA2E /* Project object */ = {
			isa = PBXProject;
			attributes = {
				LastSwiftUpdateCheck = 1010;
				LastUpgradeCheck = 1010;
				ORGANIZATIONNAME = "Samuel Esposito";
				TargetAttributes = {
					9920726D22C426540002AA2E = {
						CreatedOnToolsVersion = 10.1;
					};
					9920728122C4265A0002AA2E = {
						CreatedOnToolsVersion = 10.1;
						TestTargetID = 9920726D22C426540002AA2E;
					};
					9920728C22C4265A0002AA2E = {
						CreatedOnToolsVersion = 10.1;
						TestTargetID = 9920726D22C426540002AA2E;
					};
				};
			};
			buildConfigurationList = 9920726922C426530002AA2E /* Build configuration list for PBXProject "Money App" */;
			compatibilityVersion = "Xcode 9.3";
			developmentRegion = en;
			hasScannedForEncodings = 0;
			knownRegions = (
				en,
				Base,
			);
			mainGroup = 9920726522C426530002AA2E;
			productRefGroup = 9920726F22C426540002AA2E /* Products */;
			projectDirPath = "";
			projectRoot = "";
			targets = (
				9920726D22C426540002AA2E /* Money App */,
				9920728122C4265A0002AA2E /* Money AppTests */,
				9920728C22C4265A0002AA2E /* Money AppUITests */,
			);
		};
/* End PBXProject section */

/* Begin PBXResourcesBuildPhase section */
		9920726C22C426540002AA2E /* Resources */ = {
			isa = PBXResourcesBuildPhase;
			buildActionMask = 2147483647;
			files = (
				9920727C22C4265A0002AA2E /* LaunchScreen.storyboard in Resources */,
				9920727922C4265A0002AA2E /* Assets.xcassets in Resources */,
				9920727722C426540002AA2E /* Main.storyboard in Resources */,
			);
			runOnlyForDeploymentPostprocessing = 0;
		};
		9920728022C4265A0002AA2E /* Resources */ = {
			isa = PBXResourcesBuildPhase;
			buildActionMask = 2147483647;
			files = (
			);
			runOnlyForDeploymentPostprocessing = 0;
		};
		9920728B22C4265A0002AA2E /* Resources */ = {
			isa = PBXResourcesBuildPhase;
			buildActionMask = 2147483647;
			files = (
			);
			runOnlyForDeploymentPostprocessing = 0;
		};
/* End PBXResourcesBuildPhase section */

/* Begin PBXSourcesBuildPhase section */
		9920726A22C426540002AA2E /* Sources */ = {
			isa = PBXSourcesBuildPhase;
			buildActionMask = 2147483647;
			files = (
				9911912B22C582E30061230A /* SecondViewController.swift in Sources */,
				99EC18FD22C6BEED003E31B5 /* Username.swift in Sources */,
				9920727422C426540002AA2E /* ViewController.swift in Sources */,
				9911912922C5696C0061230A /* MoneyHistoryTableViewCell.swift in Sources */,
				99EC18F922C6BE34003E31B5 /* FirstAccessViewController.swift in Sources */,
				99EC18F722C6BE28003E31B5 /* LogoViewController.swift in Sources */,
				99EC18FB22C6BE49003E31B5 /* AddItemViewController.swift in Sources */,
				9911912122C55ECF0061230A /* Item.swift in Sources */,
				9911912322C561FE0061230A /* ItemsCollection.swift in Sources */,
				9920727222C426540002AA2E /* AppDelegate.swift in Sources */,
			);
			runOnlyForDeploymentPostprocessing = 0;
		};
		9920727E22C4265A0002AA2E /* Sources */ = {
			isa = PBXSourcesBuildPhase;
			buildActionMask = 2147483647;
			files = (
				9920728722C4265A0002AA2E /* Money_AppTests.swift in Sources */,
			);
			runOnlyForDeploymentPostprocessing = 0;
		};
		9920728922C4265A0002AA2E /* Sources */ = {
			isa = PBXSourcesBuildPhase;
			buildActionMask = 2147483647;
			files = (
				9920729222C4265A0002AA2E /* Money_AppUITests.swift in Sources */,
			);
			runOnlyForDeploymentPostprocessing = 0;
		};
/* End PBXSourcesBuildPhase section */

/* Begin PBXTargetDependency section */
		9920728422C4265A0002AA2E /* PBXTargetDependency */ = {
			isa = PBXTargetDependency;
			target = 9920726D22C426540002AA2E /* Money App */;
			targetProxy = 9920728322C4265A0002AA2E /* PBXContainerItemProxy */;
		};
		9920728F22C4265A0002AA2E /* PBXTargetDependency */ = {
			isa = PBXTargetDependency;
			target = 9920726D22C426540002AA2E /* Money App */;
			targetProxy = 9920728E22C4265A0002AA2E /* PBXContainerItemProxy */;
		};
/* End PBXTargetDependency section */

/* Begin PBXVariantGroup section */
		9920727522C426540002AA2E /* Main.storyboard */ = {
			isa = PBXVariantGroup;
			children = (
				9920727622C426540002AA2E /* Base */,
			);
			name = Main.storyboard;
			sourceTree = "<group>";
		};
		9920727A22C4265A0002AA2E /* LaunchScreen.storyboard */ = {
			isa = PBXVariantGroup;
			children = (
				9920727B22C4265A0002AA2E /* Base */,
			);
			name = LaunchScreen.storyboard;
			sourceTree = "<group>";
		};
/* End PBXVariantGroup section */

/* Begin XCBuildConfiguration section */
		9920729422C4265A0002AA2E /* Debug */ = {
			isa = XCBuildConfiguration;
			buildSettings = {
				ALWAYS_SEARCH_USER_PATHS = NO;
				CLANG_ANALYZER_NONNULL = YES;
				CLANG_ANALYZER_NUMBER_OBJECT_CONVERSION = YES_AGGRESSIVE;
				CLANG_CXX_LANGUAGE_STANDARD = "gnu++14";
				CLANG_CXX_LIBRARY = "libc++";
				CLANG_ENABLE_MODULES = YES;
				CLANG_ENABLE_OBJC_ARC = YES;
				CLANG_ENABLE_OBJC_WEAK = YES;
				CLANG_WARN_BLOCK_CAPTURE_AUTORELEASING = YES;
				CLANG_WARN_BOOL_CONVERSION = YES;
				CLANG_WARN_COMMA = YES;
				CLANG_WARN_CONSTANT_CONVERSION = YES;
				CLANG_WARN_DEPRECATED_OBJC_IMPLEMENTATIONS = YES;
				CLANG_WARN_DIRECT_OBJC_ISA_USAGE = YES_ERROR;
				CLANG_WARN_DOCUMENTATION_COMMENTS = YES;
				CLANG_WARN_EMPTY_BODY = YES;
				CLANG_WARN_ENUM_CONVERSION = YES;
				CLANG_WARN_INFINITE_RECURSION = YES;
				CLANG_WARN_INT_CONVERSION = YES;
				CLANG_WARN_NON_LITERAL_NULL_CONVERSION = YES;
				CLANG_WARN_OBJC_IMPLICIT_RETAIN_SELF = YES;
				CLANG_WARN_OBJC_LITERAL_CONVERSION = YES;
				CLANG_WARN_OBJC_ROOT_CLASS = YES_ERROR;
				CLANG_WARN_RANGE_LOOP_ANALYSIS = YES;
				CLANG_WARN_STRICT_PROTOTYPES = YES;
				CLANG_WARN_SUSPICIOUS_MOVE = YES;
				CLANG_WARN_UNGUARDED_AVAILABILITY = YES_AGGRESSIVE;
				CLANG_WARN_UNREACHABLE_CODE = YES;
				CLANG_WARN__DUPLICATE_METHOD_MATCH = YES;
				CODE_SIGN_IDENTITY = "iPhone Developer";
				COPY_PHASE_STRIP = NO;
				DEBUG_INFORMATION_FORMAT = dwarf;
				ENABLE_STRICT_OBJC_MSGSEND = YES;
				ENABLE_TESTABILITY = YES;
				GCC_C_LANGUAGE_STANDARD = gnu11;
				GCC_DYNAMIC_NO_PIC = NO;
				GCC_NO_COMMON_BLOCKS = YES;
				GCC_OPTIMIZATION_LEVEL = 0;
				GCC_PREPROCESSOR_DEFINITIONS = (
					"DEBUG=1",
					"$(inherited)",
				);
				GCC_WARN_64_TO_32_BIT_CONVERSION = YES;
				GCC_WARN_ABOUT_RETURN_TYPE = YES_ERROR;
				GCC_WARN_UNDECLARED_SELECTOR = YES;
				GCC_WARN_UNINITIALIZED_AUTOS = YES_AGGRESSIVE;
				GCC_WARN_UNUSED_FUNCTION = YES;
				GCC_WARN_UNUSED_VARIABLE = YES;
				IPHONEOS_DEPLOYMENT_TARGET = 12.1;
				MTL_ENABLE_DEBUG_INFO = INCLUDE_SOURCE;
				MTL_FAST_MATH = YES;
				ONLY_ACTIVE_ARCH = YES;
				SDKROOT = iphoneos;
				SWIFT_ACTIVE_COMPILATION_CONDITIONS = DEBUG;
				SWIFT_OPTIMIZATION_LEVEL = "-Onone";
			};
			name = Debug;
		};
		9920729522C4265A0002AA2E /* Release */ = {
			isa = XCBuildConfiguration;
			buildSettings = {
				ALWAYS_SEARCH_USER_PATHS = NO;
				CLANG_ANALYZER_NONNULL = YES;
				CLANG_ANALYZER_NUMBER_OBJECT_CONVERSION = YES_AGGRESSIVE;
				CLANG_CXX_LANGUAGE_STANDARD = "gnu++14";
				CLANG_CXX_LIBRARY = "libc++";
				CLANG_ENABLE_MODULES = YES;
				CLANG_ENABLE_OBJC_ARC = YES;
				CLANG_ENABLE_OBJC_WEAK = YES;
				CLANG_WARN_BLOCK_CAPTURE_AUTORELEASING = YES;
				CLANG_WARN_BOOL_CONVERSION = YES;
				CLANG_WARN_COMMA = YES;
				CLANG_WARN_CONSTANT_CONVERSION = YES;
				CLANG_WARN_DEPRECATED_OBJC_IMPLEMENTATIONS = YES;
				CLANG_WARN_DIRECT_OBJC_ISA_USAGE = YES_ERROR;
				CLANG_WARN_DOCUMENTATION_COMMENTS = YES;
				CLANG_WARN_EMPTY_BODY = YES;
				CLANG_WARN_ENUM_CONVERSION = YES;
				CLANG_WARN_INFINITE_RECURSION = YES;
				CLANG_WARN_INT_CONVERSION = YES;
				CLANG_WARN_NON_LITERAL_NULL_CONVERSION = YES;
				CLANG_WARN_OBJC_IMPLICIT_RETAIN_SELF = YES;
				CLANG_WARN_OBJC_LITERAL_CONVERSION = YES;
				CLANG_WARN_OBJC_ROOT_CLASS = YES_ERROR;
				CLANG_WARN_RANGE_LOOP_ANALYSIS = YES;
				CLANG_WARN_STRICT_PROTOTYPES = YES;
				CLANG_WARN_SUSPICIOUS_MOVE = YES;
				CLANG_WARN_UNGUARDED_AVAILABILITY = YES_AGGRESSIVE;
				CLANG_WARN_UNREACHABLE_CODE = YES;
				CLANG_WARN__DUPLICATE_METHOD_MATCH = YES;
				CODE_SIGN_IDENTITY = "iPhone Developer";
				COPY_PHASE_STRIP = NO;
				DEBUG_INFORMATION_FORMAT = "dwarf-with-dsym";
				ENABLE_NS_ASSERTIONS = NO;
				ENABLE_STRICT_OBJC_MSGSEND = YES;
				GCC_C_LANGUAGE_STANDARD = gnu11;
				GCC_NO_COMMON_BLOCKS = YES;
				GCC_WARN_64_TO_32_BIT_CONVERSION = YES;
				GCC_WARN_ABOUT_RETURN_TYPE = YES_ERROR;
				GCC_WARN_UNDECLARED_SELECTOR = YES;
				GCC_WARN_UNINITIALIZED_AUTOS = YES_AGGRESSIVE;
				GCC_WARN_UNUSED_FUNCTION = YES;
				GCC_WARN_UNUSED_VARIABLE = YES;
				IPHONEOS_DEPLOYMENT_TARGET = 12.1;
				MTL_ENABLE_DEBUG_INFO = NO;
				MTL_FAST_MATH = YES;
				SDKROOT = iphoneos;
				SWIFT_COMPILATION_MODE = wholemodule;
				SWIFT_OPTIMIZATION_LEVEL = "-O";
				VALIDATE_PRODUCT = YES;
			};
			name = Release;
		};
		9920729722C4265A0002AA2E /* Debug */ = {
			isa = XCBuildConfiguration;
			buildSettings = {
				ASSETCATALOG_COMPILER_APPICON_NAME = AppIcon;
				CODE_SIGN_STYLE = Automatic;
				DEVELOPMENT_TEAM = LG5NT8RKZ3;
				INFOPLIST_FILE = "Money App/Info.plist";
				LD_RUNPATH_SEARCH_PATHS = (
					"$(inherited)",
					"@executable_path/Frameworks",
				);
				PRODUCT_BUNDLE_IDENTIFIER = "com.samuelesp.Money-App";
				PRODUCT_NAME = "$(TARGET_NAME)";
				SWIFT_VERSION = 4.2;
				TARGETED_DEVICE_FAMILY = "1,2";
			};
			name = Debug;
		};
		9920729822C4265A0002AA2E /* Release */ = {
			isa = XCBuildConfiguration;
			buildSettings = {
				ASSETCATALOG_COMPILER_APPICON_NAME = AppIcon;
				CODE_SIGN_STYLE = Automatic;
				DEVELOPMENT_TEAM = LG5NT8RKZ3;
				INFOPLIST_FILE = "Money App/Info.plist";
				LD_RUNPATH_SEARCH_PATHS = (
					"$(inherited)",
					"@executable_path/Frameworks",
				);
				PRODUCT_BUNDLE_IDENTIFIER = "com.samuelesp.Money-App";
				PRODUCT_NAME = "$(TARGET_NAME)";
				SWIFT_VERSION = 4.2;
				TARGETED_DEVICE_FAMILY = "1,2";
			};
			name = Release;
		};
		9920729A22C4265A0002AA2E /* Debug */ = {
			isa = XCBuildConfiguration;
			buildSettings = {
				ALWAYS_EMBED_SWIFT_STANDARD_LIBRARIES = YES;
				BUNDLE_LOADER = "$(TEST_HOST)";
				CODE_SIGN_STYLE = Automatic;
				DEVELOPMENT_TEAM = LG5NT8RKZ3;
				INFOPLIST_FILE = "Money AppTests/Info.plist";
				LD_RUNPATH_SEARCH_PATHS = (
					"$(inherited)",
					"@executable_path/Frameworks",
					"@loader_path/Frameworks",
				);
				PRODUCT_BUNDLE_IDENTIFIER = "com.samuelesp.Money-AppTests";
				PRODUCT_NAME = "$(TARGET_NAME)";
				SWIFT_VERSION = 4.2;
				TARGETED_DEVICE_FAMILY = "1,2";
				TEST_HOST = "$(BUILT_PRODUCTS_DIR)/Money App.app/Money App";
			};
			name = Debug;
		};
		9920729B22C4265A0002AA2E /* Release */ = {
			isa = XCBuildConfiguration;
			buildSettings = {
				ALWAYS_EMBED_SWIFT_STANDARD_LIBRARIES = YES;
				BUNDLE_LOADER = "$(TEST_HOST)";
				CODE_SIGN_STYLE = Automatic;
				DEVELOPMENT_TEAM = LG5NT8RKZ3;
				INFOPLIST_FILE = "Money AppTests/Info.plist";
				LD_RUNPATH_SEARCH_PATHS = (
					"$(inherited)",
					"@executable_path/Frameworks",
					"@loader_path/Frameworks",
				);
				PRODUCT_BUNDLE_IDENTIFIER = "com.samuelesp.Money-AppTests";
				PRODUCT_NAME = "$(TARGET_NAME)";
				SWIFT_VERSION = 4.2;
				TARGETED_DEVICE_FAMILY = "1,2";
				TEST_HOST = "$(BUILT_PRODUCTS_DIR)/Money App.app/Money App";
			};
			name = Release;
		};
		9920729D22C4265A0002AA2E /* Debug */ = {
			isa = XCBuildConfiguration;
			buildSettings = {
				ALWAYS_EMBED_SWIFT_STANDARD_LIBRARIES = YES;
				CODE_SIGN_STYLE = Automatic;
				DEVELOPMENT_TEAM = LG5NT8RKZ3;
				INFOPLIST_FILE = "Money AppUITests/Info.plist";
				LD_RUNPATH_SEARCH_PATHS = (
					"$(inherited)",
					"@executable_path/Frameworks",
					"@loader_path/Frameworks",
				);
				PRODUCT_BUNDLE_IDENTIFIER = "com.samuelesp.Money-AppUITests";
				PRODUCT_NAME = "$(TARGET_NAME)";
				SWIFT_VERSION = 4.2;
				TARGETED_DEVICE_FAMILY = "1,2";
				TEST_TARGET_NAME = "Money App";
			};
			name = Debug;
		};
		9920729E22C4265A0002AA2E /* Release */ = {
			isa = XCBuildConfiguration;
			buildSettings = {
				ALWAYS_EMBED_SWIFT_STANDARD_LIBRARIES = YES;
				CODE_SIGN_STYLE = Automatic;
				DEVELOPMENT_TEAM = LG5NT8RKZ3;
				INFOPLIST_FILE = "Money AppUITests/Info.plist";
				LD_RUNPATH_SEARCH_PATHS = (
					"$(inherited)",
					"@executable_path/Frameworks",
					"@loader_path/Frameworks",
				);
				PRODUCT_BUNDLE_IDENTIFIER = "com.samuelesp.Money-AppUITests";
				PRODUCT_NAME = "$(TARGET_NAME)";
				SWIFT_VERSION = 4.2;
				TARGETED_DEVICE_FAMILY = "1,2";
				TEST_TARGET_NAME = "Money App";
			};
			name = Release;
		};
/* End XCBuildConfiguration section */

/* Begin XCConfigurationList section */
		9920726922C426530002AA2E /* Build configuration list for PBXProject "Money App" */ = {
			isa = XCConfigurationList;
			buildConfigurations = (
				9920729422C4265A0002AA2E /* Debug */,
				9920729522C4265A0002AA2E /* Release */,
			);
			defaultConfigurationIsVisible = 0;
			defaultConfigurationName = Release;
		};
		9920729622C4265A0002AA2E /* Build configuration list for PBXNativeTarget "Money App" */ = {
			isa = XCConfigurationList;
			buildConfigurations = (
				9920729722C4265A0002AA2E /* Debug */,
				9920729822C4265A0002AA2E /* Release */,
			);
			defaultConfigurationIsVisible = 0;
			defaultConfigurationName = Release;
		};
		9920729922C4265A0002AA2E /* Build configuration list for PBXNativeTarget "Money AppTests" */ = {
			isa = XCConfigurationList;
			buildConfigurations = (
				9920729A22C4265A0002AA2E /* Debug */,
				9920729B22C4265A0002AA2E /* Release */,
			);
			defaultConfigurationIsVisible = 0;
			defaultConfigurationName = Release;
		};
		9920729C22C4265A0002AA2E /* Build configuration list for PBXNativeTarget "Money AppUITests" */ = {
			isa = XCConfigurationList;
			buildConfigurations = (
				9920729D22C4265A0002AA2E /* Debug */,
				9920729E22C4265A0002AA2E /* Release */,
			);
			defaultConfigurationIsVisible = 0;
			defaultConfigurationName = Release;
		};
/* End XCConfigurationList section */
	};
	rootObject = 9920726622C426530002AA2E /* Project object */;
}
